{
  "name": "authlint",
  "version": "1.0.0",
  "lockfileVersion": 3,
  "requires": true,
  "packages": {
    "": {
      "name": "authlint",
      "version": "1.0.0",
      "license": "MIT",
      "devDependencies": {
        "@xmldom/xmldom": "^0.8.10"
      }
    },
    "node_modules/@xmldom/xmldom": {
      "version": "0.8.14",
      "resolved": "https://registry.npmjs.org/@xmldom/xmldom/-/xmldom-0.8.14.tgz",
      "integrity": "sha512-T4EDRUBVZYRldYApjEJiU0e1stYWaRAX7CuSnKzrpwdZKo53zGV8/pqfzV6FfwNl9YThD2OumQYvqtvjvgG7aQ==",
      "dev": true,
      "license": "MIT",
      "engines": {
        "node": ">=10.0.0"
      }
    }
  }
}
